// !$*UTF8*$!
{
	archiveVersion = 1;
	classes = {
	};
	objectVersion = 51;
	objects = {

/* Begin PBXBuildFile section */
		5462C58C8A460079A98B89E5 /* Pods_FoodDelivery_FoodDeliveryUITests.framework in Frameworks */ = {isa = PBXBuildFile; fileRef = 85170FAA9A79322EA7205F1D /* Pods_FoodDelivery_FoodDeliveryUITests.framework */; };
		5D84358AD4DAC7614E37BCF4 /* Pods_FoodDeliveryTests.framework in Frameworks */ = {isa = PBXBuildFile; fileRef = EDDC39023ED23FFF7B858EB1 /* Pods_FoodDeliveryTests.framework */; };
		E3467765D06F188C466F7F7E /* Pods_FoodDelivery.framework in Frameworks */ = {isa = PBXBuildFile; fileRef = D7706385E5C674D244D6CCD1 /* Pods_FoodDelivery.framework */; };
		F12CC98226E76DFC00999F9D /* AppDelegate.swift in Sources */ = {isa = PBXBuildFile; fileRef = F12CC98126E76DFC00999F9D /* AppDelegate.swift */; };
		F12CC98426E76DFC00999F9D /* SceneDelegate.swift in Sources */ = {isa = PBXBuildFile; fileRef = F12CC98326E76DFC00999F9D /* SceneDelegate.swift */; };
		F12CC98626E76DFC00999F9D /* ItemsListViewController.swift in Sources */ = {isa = PBXBuildFile; fileRef = F12CC98526E76DFC00999F9D /* ItemsListViewController.swift */; };
		F12CC98B26E76DFF00999F9D /* Assets.xcassets in Resources */ = {isa = PBXBuildFile; fileRef = F12CC98A26E76DFF00999F9D /* Assets.xcassets */; };
		F12CC98E26E76DFF00999F9D /* LaunchScreen.storyboard in Resources */ = {isa = PBXBuildFile; fileRef = F12CC98C26E76DFF00999F9D /* LaunchScreen.storyboard */; };
		F12CC99926E76E0000999F9D /* FoodDeliveryTests.swift in Sources */ = {isa = PBXBuildFile; fileRef = F12CC99826E76E0000999F9D /* FoodDeliveryTests.swift */; };
		F12CC9A426E76E0000999F9D /* FoodDeliveryUITests.swift in Sources */ = {isa = PBXBuildFile; fileRef = F12CC9A326E76E0000999F9D /* FoodDeliveryUITests.swift */; };
		F12CC9C026E77F5500999F9D /* ViewControllerFactory.swift in Sources */ = {isa = PBXBuildFile; fileRef = F12CC9BF26E77F5500999F9D /* ViewControllerFactory.swift */; };
		F12CC9CC26E7E9C400999F9D /* FoodItemsListInteractor.swift in Sources */ = {isa = PBXBuildFile; fileRef = F12CC9CB26E7E9C400999F9D /* FoodItemsListInteractor.swift */; };
		F12CC9D126E7EA6E00999F9D /* FoodItemsListPresenter.swift in Sources */ = {isa = PBXBuildFile; fileRef = F12CC9D026E7EA6E00999F9D /* FoodItemsListPresenter.swift */; };
		F12CC9DE26E7EDFE00999F9D /* ItemsListRouter.swift in Sources */ = {isa = PBXBuildFile; fileRef = F12CC9DD26E7EDFE00999F9D /* ItemsListRouter.swift */; };
		F12CC9F626E8943F00999F9D /* FoodItem.swift in Sources */ = {isa = PBXBuildFile; fileRef = F12CC9F526E8943F00999F9D /* FoodItem.swift */; };
		F12CCA1426E8A06A00999F9D /* NetworkService.swift in Sources */ = {isa = PBXBuildFile; fileRef = F12CCA1326E8A06A00999F9D /* NetworkService.swift */; };
		F13A910B26E8D57600A0E6A4 /* foodItems.json in Resources */ = {isa = PBXBuildFile; fileRef = F13A910A26E8D57600A0E6A4 /* foodItems.json */; };
		F13A911326E9FE3F00A0E6A4 /* FoodItemsList.swift in Sources */ = {isa = PBXBuildFile; fileRef = F13A911226E9FE3F00A0E6A4 /* FoodItemsList.swift */; };
		F13A911926EA0E7000A0E6A4 /* ItemsListItemTableViewCell.swift in Sources */ = {isa = PBXBuildFile; fileRef = F13A911826EA0E7000A0E6A4 /* ItemsListItemTableViewCell.swift */; };
		F1BC9BCF26EA37E1000500F3 /* Montserrat-LightItalic.ttf in Resources */ = {isa = PBXBuildFile; fileRef = F1BC9BBD26EA37E0000500F3 /* Montserrat-LightItalic.ttf */; };
		F1BC9BD026EA37E1000500F3 /* Montserrat-Medium.ttf in Resources */ = {isa = PBXBuildFile; fileRef = F1BC9BBE26EA37E0000500F3 /* Montserrat-Medium.ttf */; };
		F1BC9BD126EA37E1000500F3 /* Montserrat-BoldItalic.ttf in Resources */ = {isa = PBXBuildFile; fileRef = F1BC9BBF26EA37E0000500F3 /* Montserrat-BoldItalic.ttf */; };
		F1BC9BD226EA37E1000500F3 /* Montserrat-Light.ttf in Resources */ = {isa = PBXBuildFile; fileRef = F1BC9BC026EA37E0000500F3 /* Montserrat-Light.ttf */; };
		F1BC9BD326EA37E1000500F3 /* Montserrat-ThinItalic.ttf in Resources */ = {isa = PBXBuildFile; fileRef = F1BC9BC126EA37E0000500F3 /* Montserrat-ThinItalic.ttf */; };
		F1BC9BD426EA37E1000500F3 /* Montserrat-ExtraLight.ttf in Resources */ = {isa = PBXBuildFile; fileRef = F1BC9BC226EA37E0000500F3 /* Montserrat-ExtraLight.ttf */; };
		F1BC9BD526EA37E1000500F3 /* Montserrat-Thin.ttf in Resources */ = {isa = PBXBuildFile; fileRef = F1BC9BC326EA37E0000500F3 /* Montserrat-Thin.ttf */; };
		F1BC9BD626EA37E1000500F3 /* Montserrat-Bold.ttf in Resources */ = {isa = PBXBuildFile; fileRef = F1BC9BC426EA37E0000500F3 /* Montserrat-Bold.ttf */; };
		F1BC9BD726EA37E1000500F3 /* Montserrat-MediumItalic.ttf in Resources */ = {isa = PBXBuildFile; fileRef = F1BC9BC526EA37E0000500F3 /* Montserrat-MediumItalic.ttf */; };
		F1BC9BD826EA37E1000500F3 /* Montserrat-BlackItalic.ttf in Resources */ = {isa = PBXBuildFile; fileRef = F1BC9BC626EA37E0000500F3 /* Montserrat-BlackItalic.ttf */; };
		F1BC9BD926EA37E1000500F3 /* Montserrat-RegularItalic.ttf in Resources */ = {isa = PBXBuildFile; fileRef = F1BC9BC726EA37E0000500F3 /* Montserrat-RegularItalic.ttf */; };
		F1BC9BDA26EA37E1000500F3 /* Montserrat-SemiBold.ttf in Resources */ = {isa = PBXBuildFile; fileRef = F1BC9BC826EA37E0000500F3 /* Montserrat-SemiBold.ttf */; };
		F1BC9BDB26EA37E1000500F3 /* Montserrat-ExtraLightItalic.ttf in Resources */ = {isa = PBXBuildFile; fileRef = F1BC9BC926EA37E0000500F3 /* Montserrat-ExtraLightItalic.ttf */; };
		F1BC9BDC26EA37E1000500F3 /* Montserrat-ExtraBold.ttf in Resources */ = {isa = PBXBuildFile; fileRef = F1BC9BCA26EA37E0000500F3 /* Montserrat-ExtraBold.ttf */; };
		F1BC9BDD26EA37E1000500F3 /* Montserrat-Black.ttf in Resources */ = {isa = PBXBuildFile; fileRef = F1BC9BCB26EA37E0000500F3 /* Montserrat-Black.ttf */; };
		F1BC9BDE26EA37E1000500F3 /* Montserrat-Regular.ttf in Resources */ = {isa = PBXBuildFile; fileRef = F1BC9BCC26EA37E0000500F3 /* Montserrat-Regular.ttf */; };
		F1BC9BDF26EA37E1000500F3 /* Montserrat-SemiBoldItalic.ttf in Resources */ = {isa = PBXBuildFile; fileRef = F1BC9BCD26EA37E0000500F3 /* Montserrat-SemiBoldItalic.ttf */; };
		F1BC9BE026EA37E1000500F3 /* Montserrat-ExtraBoldItalic.ttf in Resources */ = {isa = PBXBuildFile; fileRef = F1BC9BCE26EA37E0000500F3 /* Montserrat-ExtraBoldItalic.ttf */; };
		F1BC9BE726EA3881000500F3 /* UIViewController+Ext.swift in Sources */ = {isa = PBXBuildFile; fileRef = F1BC9BE526EA3881000500F3 /* UIViewController+Ext.swift */; };
		F1BC9BE826EA3881000500F3 /* UIFont+Ext.swift in Sources */ = {isa = PBXBuildFile; fileRef = F1BC9BE626EA3881000500F3 /* UIFont+Ext.swift */; };
		F1BC9BEE26EB27AB000500F3 /* SegmentView.swift in Sources */ = {isa = PBXBuildFile; fileRef = F1BC9BED26EB27AB000500F3 /* SegmentView.swift */; };
		F1BC9C1F26EB3947000500F3 /* HeaderCollectionViewCell.swift in Sources */ = {isa = PBXBuildFile; fileRef = F1BC9C1E26EB3947000500F3 /* HeaderCollectionViewCell.swift */; };
/* End PBXBuildFile section */

/* Begin PBXContainerItemProxy section */
		F12CC99526E76E0000999F9D /* PBXContainerItemProxy */ = {
			isa = PBXContainerItemProxy;
			containerPortal = F12CC97626E76DFC00999F9D /* Project object */;
			proxyType = 1;
			remoteGlobalIDString = F12CC97D26E76DFC00999F9D;
			remoteInfo = FoodDelivery;
		};
		F12CC9A026E76E0000999F9D /* PBXContainerItemProxy */ = {
			isa = PBXContainerItemProxy;
			containerPortal = F12CC97626E76DFC00999F9D /* Project object */;
			proxyType = 1;
			remoteGlobalIDString = F12CC97D26E76DFC00999F9D;
			remoteInfo = FoodDelivery;
		};
/* End PBXContainerItemProxy section */

/* Begin PBXFileReference section */
		27F91262AB3B0B59C7A849BA /* Pods-FoodDelivery-FoodDeliveryUITests.debug.xcconfig */ = {isa = PBXFileReference; includeInIndex = 1; lastKnownFileType = text.xcconfig; name = "Pods-FoodDelivery-FoodDeliveryUITests.debug.xcconfig"; path = "Target Support Files/Pods-FoodDelivery-FoodDeliveryUITests/Pods-FoodDelivery-FoodDeliveryUITests.debug.xcconfig"; sourceTree = "<group>"; };
		333E7093593DD1BC68D0CBB4 /* Pods-FoodDelivery-FoodDeliveryUITests.release.xcconfig */ = {isa = PBXFileReference; includeInIndex = 1; lastKnownFileType = text.xcconfig; name = "Pods-FoodDelivery-FoodDeliveryUITests.release.xcconfig"; path = "Target Support Files/Pods-FoodDelivery-FoodDeliveryUITests/Pods-FoodDelivery-FoodDeliveryUITests.release.xcconfig"; sourceTree = "<group>"; };
		356B9AC702C741690FA3BE5F /* Pods-FoodDeliveryTests.release.xcconfig */ = {isa = PBXFileReference; includeInIndex = 1; lastKnownFileType = text.xcconfig; name = "Pods-FoodDeliveryTests.release.xcconfig"; path = "Target Support Files/Pods-FoodDeliveryTests/Pods-FoodDeliveryTests.release.xcconfig"; sourceTree = "<group>"; };
		66671AD7331F97F70B63CABD /* Pods-FoodDelivery.release.xcconfig */ = {isa = PBXFileReference; includeInIndex = 1; lastKnownFileType = text.xcconfig; name = "Pods-FoodDelivery.release.xcconfig"; path = "Target Support Files/Pods-FoodDelivery/Pods-FoodDelivery.release.xcconfig"; sourceTree = "<group>"; };
		85170FAA9A79322EA7205F1D /* Pods_FoodDelivery_FoodDeliveryUITests.framework */ = {isa = PBXFileReference; explicitFileType = wrapper.framework; includeInIndex = 0; path = Pods_FoodDelivery_FoodDeliveryUITests.framework; sourceTree = BUILT_PRODUCTS_DIR; };
		D2E407916FA732B78D60D188 /* Pods-FoodDelivery.debug.xcconfig */ = {isa = PBXFileReference; includeInIndex = 1; lastKnownFileType = text.xcconfig; name = "Pods-FoodDelivery.debug.xcconfig"; path = "Target Support Files/Pods-FoodDelivery/Pods-FoodDelivery.debug.xcconfig"; sourceTree = "<group>"; };
		D7706385E5C674D244D6CCD1 /* Pods_FoodDelivery.framework */ = {isa = PBXFileReference; explicitFileType = wrapper.framework; includeInIndex = 0; path = Pods_FoodDelivery.framework; sourceTree = BUILT_PRODUCTS_DIR; };
		EDDC39023ED23FFF7B858EB1 /* Pods_FoodDeliveryTests.framework */ = {isa = PBXFileReference; explicitFileType = wrapper.framework; includeInIndex = 0; path = Pods_FoodDeliveryTests.framework; sourceTree = BUILT_PRODUCTS_DIR; };
		F12CC97E26E76DFC00999F9D /* FoodDelivery.app */ = {isa = PBXFileReference; explicitFileType = wrapper.application; includeInIndex = 0; path = FoodDelivery.app; sourceTree = BUILT_PRODUCTS_DIR; };
		F12CC98126E76DFC00999F9D /* AppDelegate.swift */ = {isa = PBXFileReference; lastKnownFileType = sourcecode.swift; path = AppDelegate.swift; sourceTree = "<group>"; };
		F12CC98326E76DFC00999F9D /* SceneDelegate.swift */ = {isa = PBXFileReference; lastKnownFileType = sourcecode.swift; path = SceneDelegate.swift; sourceTree = "<group>"; };
		F12CC98526E76DFC00999F9D /* ItemsListViewController.swift */ = {isa = PBXFileReference; lastKnownFileType = sourcecode.swift; path = ItemsListViewController.swift; sourceTree = "<group>"; };
		F12CC98A26E76DFF00999F9D /* Assets.xcassets */ = {isa = PBXFileReference; lastKnownFileType = folder.assetcatalog; path = Assets.xcassets; sourceTree = "<group>"; };
		F12CC98D26E76DFF00999F9D /* Base */ = {isa = PBXFileReference; lastKnownFileType = file.storyboard; name = Base; path = Base.lproj/LaunchScreen.storyboard; sourceTree = "<group>"; };
		F12CC98F26E76DFF00999F9D /* Info.plist */ = {isa = PBXFileReference; lastKnownFileType = text.plist.xml; path = Info.plist; sourceTree = "<group>"; };
		F12CC99426E76E0000999F9D /* FoodDeliveryTests.xctest */ = {isa = PBXFileReference; explicitFileType = wrapper.cfbundle; includeInIndex = 0; path = FoodDeliveryTests.xctest; sourceTree = BUILT_PRODUCTS_DIR; };
		F12CC99826E76E0000999F9D /* FoodDeliveryTests.swift */ = {isa = PBXFileReference; lastKnownFileType = sourcecode.swift; path = FoodDeliveryTests.swift; sourceTree = "<group>"; };
		F12CC99A26E76E0000999F9D /* Info.plist */ = {isa = PBXFileReference; lastKnownFileType = text.plist.xml; path = Info.plist; sourceTree = "<group>"; };
		F12CC99F26E76E0000999F9D /* FoodDeliveryUITests.xctest */ = {isa = PBXFileReference; explicitFileType = wrapper.cfbundle; includeInIndex = 0; path = FoodDeliveryUITests.xctest; sourceTree = BUILT_PRODUCTS_DIR; };
		F12CC9A326E76E0000999F9D /* FoodDeliveryUITests.swift */ = {isa = PBXFileReference; lastKnownFileType = sourcecode.swift; path = FoodDeliveryUITests.swift; sourceTree = "<group>"; };
		F12CC9A526E76E0000999F9D /* Info.plist */ = {isa = PBXFileReference; lastKnownFileType = text.plist.xml; path = Info.plist; sourceTree = "<group>"; };
		F12CC9BF26E77F5500999F9D /* ViewControllerFactory.swift */ = {isa = PBXFileReference; lastKnownFileType = sourcecode.swift; path = ViewControllerFactory.swift; sourceTree = "<group>"; };
		F12CC9CB26E7E9C400999F9D /* FoodItemsListInteractor.swift */ = {isa = PBXFileReference; lastKnownFileType = sourcecode.swift; path = FoodItemsListInteractor.swift; sourceTree = "<group>"; };
		F12CC9D026E7EA6E00999F9D /* FoodItemsListPresenter.swift */ = {isa = PBXFileReference; lastKnownFileType = sourcecode.swift; path = FoodItemsListPresenter.swift; sourceTree = "<group>"; };
		F12CC9DD26E7EDFE00999F9D /* ItemsListRouter.swift */ = {isa = PBXFileReference; lastKnownFileType = sourcecode.swift; path = ItemsListRouter.swift; sourceTree = "<group>"; };
		F12CC9F526E8943F00999F9D /* FoodItem.swift */ = {isa = PBXFileReference; lastKnownFileType = sourcecode.swift; path = FoodItem.swift; sourceTree = "<group>"; };
		F12CCA1326E8A06A00999F9D /* NetworkService.swift */ = {isa = PBXFileReference; lastKnownFileType = sourcecode.swift; path = NetworkService.swift; sourceTree = "<group>"; };
		F13A910A26E8D57600A0E6A4 /* foodItems.json */ = {isa = PBXFileReference; fileEncoding = 4; lastKnownFileType = text.json; path = foodItems.json; sourceTree = "<group>"; };
		F13A911226E9FE3F00A0E6A4 /* FoodItemsList.swift */ = {isa = PBXFileReference; lastKnownFileType = sourcecode.swift; path = FoodItemsList.swift; sourceTree = "<group>"; };
		F13A911826EA0E7000A0E6A4 /* ItemsListItemTableViewCell.swift */ = {isa = PBXFileReference; lastKnownFileType = sourcecode.swift; path = ItemsListItemTableViewCell.swift; sourceTree = "<group>"; };
		F1BC9BBD26EA37E0000500F3 /* Montserrat-LightItalic.ttf */ = {isa = PBXFileReference; lastKnownFileType = file; path = "Montserrat-LightItalic.ttf"; sourceTree = "<group>"; };
		F1BC9BBE26EA37E0000500F3 /* Montserrat-Medium.ttf */ = {isa = PBXFileReference; lastKnownFileType = file; path = "Montserrat-Medium.ttf"; sourceTree = "<group>"; };
		F1BC9BBF26EA37E0000500F3 /* Montserrat-BoldItalic.ttf */ = {isa = PBXFileReference; lastKnownFileType = file; path = "Montserrat-BoldItalic.ttf"; sourceTree = "<group>"; };
		F1BC9BC026EA37E0000500F3 /* Montserrat-Light.ttf */ = {isa = PBXFileReference; lastKnownFileType = file; path = "Montserrat-Light.ttf"; sourceTree = "<group>"; };
		F1BC9BC126EA37E0000500F3 /* Montserrat-ThinItalic.ttf */ = {isa = PBXFileReference; lastKnownFileType = file; path = "Montserrat-ThinItalic.ttf"; sourceTree = "<group>"; };
		F1BC9BC226EA37E0000500F3 /* Montserrat-ExtraLight.ttf */ = {isa = PBXFileReference; lastKnownFileType = file; path = "Montserrat-ExtraLight.ttf"; sourceTree = "<group>"; };
		F1BC9BC326EA37E0000500F3 /* Montserrat-Thin.ttf */ = {isa = PBXFileReference; lastKnownFileType = file; path = "Montserrat-Thin.ttf"; sourceTree = "<group>"; };
		F1BC9BC426EA37E0000500F3 /* Montserrat-Bold.ttf */ = {isa = PBXFileReference; lastKnownFileType = file; path = "Montserrat-Bold.ttf"; sourceTree = "<group>"; };
		F1BC9BC526EA37E0000500F3 /* Montserrat-MediumItalic.ttf */ = {isa = PBXFileReference; lastKnownFileType = file; path = "Montserrat-MediumItalic.ttf"; sourceTree = "<group>"; };
		F1BC9BC626EA37E0000500F3 /* Montserrat-BlackItalic.ttf */ = {isa = PBXFileReference; lastKnownFileType = file; path = "Montserrat-BlackItalic.ttf"; sourceTree = "<group>"; };
		F1BC9BC726EA37E0000500F3 /* Montserrat-RegularItalic.ttf */ = {isa = PBXFileReference; lastKnownFileType = file; path = "Montserrat-RegularItalic.ttf"; sourceTree = "<group>"; };
		F1BC9BC826EA37E0000500F3 /* Montserrat-SemiBold.ttf */ = {isa = PBXFileReference; lastKnownFileType = file; path = "Montserrat-SemiBold.ttf"; sourceTree = "<group>"; };
		F1BC9BC926EA37E0000500F3 /* Montserrat-ExtraLightItalic.ttf */ = {isa = PBXFileReference; lastKnownFileType = file; path = "Montserrat-ExtraLightItalic.ttf"; sourceTree = "<group>"; };
		F1BC9BCA26EA37E0000500F3 /* Montserrat-ExtraBold.ttf */ = {isa = PBXFileReference; lastKnownFileType = file; path = "Montserrat-ExtraBold.ttf"; sourceTree = "<group>"; };
		F1BC9BCB26EA37E0000500F3 /* Montserrat-Black.ttf */ = {isa = PBXFileReference; lastKnownFileType = file; path = "Montserrat-Black.ttf"; sourceTree = "<group>"; };
		F1BC9BCC26EA37E0000500F3 /* Montserrat-Regular.ttf */ = {isa = PBXFileReference; lastKnownFileType = file; path = "Montserrat-Regular.ttf"; sourceTree = "<group>"; };
		F1BC9BCD26EA37E0000500F3 /* Montserrat-SemiBoldItalic.ttf */ = {isa = PBXFileReference; lastKnownFileType = file; path = "Montserrat-SemiBoldItalic.ttf"; sourceTree = "<group>"; };
		F1BC9BCE26EA37E0000500F3 /* Montserrat-ExtraBoldItalic.ttf */ = {isa = PBXFileReference; lastKnownFileType = file; path = "Montserrat-ExtraBoldItalic.ttf"; sourceTree = "<group>"; };
		F1BC9BE526EA3881000500F3 /* UIViewController+Ext.swift */ = {isa = PBXFileReference; fileEncoding = 4; lastKnownFileType = sourcecode.swift; path = "UIViewController+Ext.swift"; sourceTree = "<group>"; };
		F1BC9BE626EA3881000500F3 /* UIFont+Ext.swift */ = {isa = PBXFileReference; fileEncoding = 4; lastKnownFileType = sourcecode.swift; path = "UIFont+Ext.swift"; sourceTree = "<group>"; };
		F1BC9BED26EB27AB000500F3 /* SegmentView.swift */ = {isa = PBXFileReference; lastKnownFileType = sourcecode.swift; path = SegmentView.swift; sourceTree = "<group>"; };
		F1BC9C1E26EB3947000500F3 /* HeaderCollectionViewCell.swift */ = {isa = PBXFileReference; lastKnownFileType = sourcecode.swift; path = HeaderCollectionViewCell.swift; sourceTree = "<group>"; };
		F632673DEAF68B66FFF8DB00 /* Pods-FoodDeliveryTests.debug.xcconfig */ = {isa = PBXFileReference; includeInIndex = 1; lastKnownFileType = text.xcconfig; name = "Pods-FoodDeliveryTests.debug.xcconfig"; path = "Target Support Files/Pods-FoodDeliveryTests/Pods-FoodDeliveryTests.debug.xcconfig"; sourceTree = "<group>"; };
/* End PBXFileReference section */

/* Begin PBXFrameworksBuildPhase section */
		F12CC97B26E76DFC00999F9D /* Frameworks */ = {
			isa = PBXFrameworksBuildPhase;
			buildActionMask = 2147483647;
			files = (
				E3467765D06F188C466F7F7E /* Pods_FoodDelivery.framework in Frameworks */,
			);
			runOnlyForDeploymentPostprocessing = 0;
		};
		F12CC99126E76E0000999F9D /* Frameworks */ = {
			isa = PBXFrameworksBuildPhase;
			buildActionMask = 2147483647;
			files = (
				5D84358AD4DAC7614E37BCF4 /* Pods_FoodDeliveryTests.framework in Frameworks */,
			);
			runOnlyForDeploymentPostprocessing = 0;
		};
		F12CC99C26E76E0000999F9D /* Frameworks */ = {
			isa = PBXFrameworksBuildPhase;
			buildActionMask = 2147483647;
			files = (
				5462C58C8A460079A98B89E5 /* Pods_FoodDelivery_FoodDeliveryUITests.framework in Frameworks */,
			);
			runOnlyForDeploymentPostprocessing = 0;
		};
/* End PBXFrameworksBuildPhase section */

/* Begin PBXGroup section */
		0FD189A2BDC5BD69CD934242 /* Frameworks */ = {
			isa = PBXGroup;
			children = (
				D7706385E5C674D244D6CCD1 /* Pods_FoodDelivery.framework */,
				85170FAA9A79322EA7205F1D /* Pods_FoodDelivery_FoodDeliveryUITests.framework */,
				EDDC39023ED23FFF7B858EB1 /* Pods_FoodDeliveryTests.framework */,
			);
			name = Frameworks;
			sourceTree = "<group>";
		};
		92B3D2AEE32031508040674F /* Pods */ = {
			isa = PBXGroup;
			children = (
				D2E407916FA732B78D60D188 /* Pods-FoodDelivery.debug.xcconfig */,
				66671AD7331F97F70B63CABD /* Pods-FoodDelivery.release.xcconfig */,
				27F91262AB3B0B59C7A849BA /* Pods-FoodDelivery-FoodDeliveryUITests.debug.xcconfig */,
				333E7093593DD1BC68D0CBB4 /* Pods-FoodDelivery-FoodDeliveryUITests.release.xcconfig */,
				F632673DEAF68B66FFF8DB00 /* Pods-FoodDeliveryTests.debug.xcconfig */,
				356B9AC702C741690FA3BE5F /* Pods-FoodDeliveryTests.release.xcconfig */,
			);
			path = Pods;
			sourceTree = "<group>";
		};
		F12CC97526E76DFC00999F9D = {
			isa = PBXGroup;
			children = (
				F12CC98026E76DFC00999F9D /* FoodDelivery */,
				F12CC99726E76E0000999F9D /* FoodDeliveryTests */,
				F12CC9A226E76E0000999F9D /* FoodDeliveryUITests */,
				F12CC97F26E76DFC00999F9D /* Products */,
				92B3D2AEE32031508040674F /* Pods */,
				0FD189A2BDC5BD69CD934242 /* Frameworks */,
			);
			sourceTree = "<group>";
		};
		F12CC97F26E76DFC00999F9D /* Products */ = {
			isa = PBXGroup;
			children = (
				F12CC97E26E76DFC00999F9D /* FoodDelivery.app */,
				F12CC99426E76E0000999F9D /* FoodDeliveryTests.xctest */,
				F12CC99F26E76E0000999F9D /* FoodDeliveryUITests.xctest */,
			);
			name = Products;
			sourceTree = "<group>";
		};
		F12CC98026E76DFC00999F9D /* FoodDelivery */ = {
			isa = PBXGroup;
			children = (
				F1BC9BE426EA386B000500F3 /* Extension */,
				F13A910926E8D55C00A0E6A4 /* Resources */,
				F12CC9B926E77DDC00999F9D /* Main */,
				F12CC9BA26E77DF300999F9D /* View */,
				F12CC9D526E7EA7600999F9D /* Presenter */,
				F12CC9CA26E7E99E00999F9D /* Interactor */,
				F12CC9DC26E7ED9D00999F9D /* Router */,
				F12CC9F426E88FE600999F9D /* Entity */,
				F12CCA1226E8A05600999F9D /* Network */,
				F12CC98C26E76DFF00999F9D /* LaunchScreen.storyboard */,
				F12CC98F26E76DFF00999F9D /* Info.plist */,
			);
			path = FoodDelivery;
			sourceTree = "<group>";
		};
		F12CC99726E76E0000999F9D /* FoodDeliveryTests */ = {
			isa = PBXGroup;
			children = (
				F12CC99826E76E0000999F9D /* FoodDeliveryTests.swift */,
				F12CC99A26E76E0000999F9D /* Info.plist */,
			);
			path = FoodDeliveryTests;
			sourceTree = "<group>";
		};
		F12CC9A226E76E0000999F9D /* FoodDeliveryUITests */ = {
			isa = PBXGroup;
			children = (
				F12CC9A326E76E0000999F9D /* FoodDeliveryUITests.swift */,
				F12CC9A526E76E0000999F9D /* Info.plist */,
			);
			path = FoodDeliveryUITests;
			sourceTree = "<group>";
		};
		F12CC9B926E77DDC00999F9D /* Main */ = {
			isa = PBXGroup;
			children = (
				F12CC9BF26E77F5500999F9D /* ViewControllerFactory.swift */,
				F12CC98126E76DFC00999F9D /* AppDelegate.swift */,
				F12CC98326E76DFC00999F9D /* SceneDelegate.swift */,
			);
			path = Main;
			sourceTree = "<group>";
		};
		F12CC9BA26E77DF300999F9D /* View */ = {
			isa = PBXGroup;
			children = (
				F13A911726EA0E5300A0E6A4 /* ItemsListView */,
			);
			path = View;
			sourceTree = "<group>";
		};
		F12CC9CA26E7E99E00999F9D /* Interactor */ = {
			isa = PBXGroup;
			children = (
				F12CC9CB26E7E9C400999F9D /* FoodItemsListInteractor.swift */,
			);
			path = Interactor;
			sourceTree = "<group>";
		};
		F12CC9D526E7EA7600999F9D /* Presenter */ = {
			isa = PBXGroup;
			children = (
				F12CC9D026E7EA6E00999F9D /* FoodItemsListPresenter.swift */,
			);
			path = Presenter;
			sourceTree = "<group>";
		};
		F12CC9DC26E7ED9D00999F9D /* Router */ = {
			isa = PBXGroup;
			children = (
				F12CC9DD26E7EDFE00999F9D /* ItemsListRouter.swift */,
			);
			path = Router;
			sourceTree = "<group>";
		};
		F12CC9F426E88FE600999F9D /* Entity */ = {
			isa = PBXGroup;
			children = (
				F12CC9F526E8943F00999F9D /* FoodItem.swift */,
				F13A911226E9FE3F00A0E6A4 /* FoodItemsList.swift */,
			);
			path = Entity;
			sourceTree = "<group>";
		};
		F12CCA1226E8A05600999F9D /* Network */ = {
			isa = PBXGroup;
			children = (
				F12CCA1326E8A06A00999F9D /* NetworkService.swift */,
			);
			path = Network;
			sourceTree = "<group>";
		};
		F13A910926E8D55C00A0E6A4 /* Resources */ = {
			isa = PBXGroup;
			children = (
				F1BC9BBB26EA37E0000500F3 /* Fonts */,
				F12CC98A26E76DFF00999F9D /* Assets.xcassets */,
				F13A910A26E8D57600A0E6A4 /* foodItems.json */,
			);
			path = Resources;
			sourceTree = "<group>";
		};
		F13A911726EA0E5300A0E6A4 /* ItemsListView */ = {
			isa = PBXGroup;
			children = (
				F12CC98526E76DFC00999F9D /* ItemsListViewController.swift */,
				F13A911826EA0E7000A0E6A4 /* ItemsListItemTableViewCell.swift */,
				F1BC9BED26EB27AB000500F3 /* SegmentView.swift */,
				F1BC9C1E26EB3947000500F3 /* HeaderCollectionViewCell.swift */,
			);
			path = ItemsListView;
			sourceTree = "<group>";
		};
		F1BC9BBB26EA37E0000500F3 /* Fonts */ = {
			isa = PBXGroup;
			children = (
				F1BC9BBC26EA37E0000500F3 /* Montserrat */,
			);
			path = Fonts;
			sourceTree = "<group>";
		};
		F1BC9BBC26EA37E0000500F3 /* Montserrat */ = {
			isa = PBXGroup;
			children = (
				F1BC9BBD26EA37E0000500F3 /* Montserrat-LightItalic.ttf */,
				F1BC9BBE26EA37E0000500F3 /* Montserrat-Medium.ttf */,
				F1BC9BBF26EA37E0000500F3 /* Montserrat-BoldItalic.ttf */,
				F1BC9BC026EA37E0000500F3 /* Montserrat-Light.ttf */,
				F1BC9BC126EA37E0000500F3 /* Montserrat-ThinItalic.ttf */,
				F1BC9BC226EA37E0000500F3 /* Montserrat-ExtraLight.ttf */,
				F1BC9BC326EA37E0000500F3 /* Montserrat-Thin.ttf */,
				F1BC9BC426EA37E0000500F3 /* Montserrat-Bold.ttf */,
				F1BC9BC526EA37E0000500F3 /* Montserrat-MediumItalic.ttf */,
				F1BC9BC626EA37E0000500F3 /* Montserrat-BlackItalic.ttf */,
				F1BC9BC726EA37E0000500F3 /* Montserrat-RegularItalic.ttf */,
				F1BC9BC826EA37E0000500F3 /* Montserrat-SemiBold.ttf */,
				F1BC9BC926EA37E0000500F3 /* Montserrat-ExtraLightItalic.ttf */,
				F1BC9BCA26EA37E0000500F3 /* Montserrat-ExtraBold.ttf */,
				F1BC9BCB26EA37E0000500F3 /* Montserrat-Black.ttf */,
				F1BC9BCC26EA37E0000500F3 /* Montserrat-Regular.ttf */,
				F1BC9BCD26EA37E0000500F3 /* Montserrat-SemiBoldItalic.ttf */,
				F1BC9BCE26EA37E0000500F3 /* Montserrat-ExtraBoldItalic.ttf */,
			);
			path = Montserrat;
			sourceTree = "<group>";
		};
		F1BC9BE426EA386B000500F3 /* Extension */ = {
			isa = PBXGroup;
			children = (
				F1BC9BE626EA3881000500F3 /* UIFont+Ext.swift */,
				F1BC9BE526EA3881000500F3 /* UIViewController+Ext.swift */,
			);
			path = Extension;
			sourceTree = "<group>";
		};
/* End PBXGroup section */

/* Begin PBXNativeTarget section */
		F12CC97D26E76DFC00999F9D /* FoodDelivery */ = {
			isa = PBXNativeTarget;
			buildConfigurationList = F12CC9A826E76E0000999F9D /* Build configuration list for PBXNativeTarget "FoodDelivery" */;
			buildPhases = (
				A5954A78DF923E42F1AE978E /* [CP] Check Pods Manifest.lock */,
				F12CC97A26E76DFC00999F9D /* Sources */,
				F12CC97B26E76DFC00999F9D /* Frameworks */,
				F12CC97C26E76DFC00999F9D /* Resources */,
				B1DA6CC6CB6887F790DE60C0 /* [CP] Embed Pods Frameworks */,
			);
			buildRules = (
			);
			dependencies = (
			);
			name = FoodDelivery;
			productName = FoodDelivery;
			productReference = F12CC97E26E76DFC00999F9D /* FoodDelivery.app */;
			productType = "com.apple.product-type.application";
		};
		F12CC99326E76E0000999F9D /* FoodDeliveryTests */ = {
			isa = PBXNativeTarget;
			buildConfigurationList = F12CC9AB26E76E0000999F9D /* Build configuration list for PBXNativeTarget "FoodDeliveryTests" */;
			buildPhases = (
				BA0942E95FAA5E49055229B2 /* [CP] Check Pods Manifest.lock */,
				F12CC99026E76E0000999F9D /* Sources */,
				F12CC99126E76E0000999F9D /* Frameworks */,
				F12CC99226E76E0000999F9D /* Resources */,
				B9B090B4FA8664B990C7447A /* [CP] Embed Pods Frameworks */,
			);
			buildRules = (
			);
			dependencies = (
				F12CC99626E76E0000999F9D /* PBXTargetDependency */,
			);
			name = FoodDeliveryTests;
			productName = FoodDeliveryTests;
			productReference = F12CC99426E76E0000999F9D /* FoodDeliveryTests.xctest */;
			productType = "com.apple.product-type.bundle.unit-test";
		};
		F12CC99E26E76E0000999F9D /* FoodDeliveryUITests */ = {
			isa = PBXNativeTarget;
			buildConfigurationList = F12CC9AE26E76E0000999F9D /* Build configuration list for PBXNativeTarget "FoodDeliveryUITests" */;
			buildPhases = (
				524B3FB111A5FEE91FBB2F44 /* [CP] Check Pods Manifest.lock */,
				F12CC99B26E76E0000999F9D /* Sources */,
				F12CC99C26E76E0000999F9D /* Frameworks */,
				F12CC99D26E76E0000999F9D /* Resources */,
				5273FF957E2CAFD81C9522D4 /* [CP] Embed Pods Frameworks */,
			);
			buildRules = (
			);
			dependencies = (
				F12CC9A126E76E0000999F9D /* PBXTargetDependency */,
			);
			name = FoodDeliveryUITests;
			productName = FoodDeliveryUITests;
			productReference = F12CC99F26E76E0000999F9D /* FoodDeliveryUITests.xctest */;
			productType = "com.apple.product-type.bundle.ui-testing";
		};
/* End PBXNativeTarget section */

/* Begin PBXProject section */
		F12CC97626E76DFC00999F9D /* Project object */ = {
			isa = PBXProject;
			attributes = {
				LastSwiftUpdateCheck = 1200;
				LastUpgradeCheck = 1200;
				TargetAttributes = {
					F12CC97D26E76DFC00999F9D = {
						CreatedOnToolsVersion = 12.0;
					};
					F12CC99326E76E0000999F9D = {
						CreatedOnToolsVersion = 12.0;
						TestTargetID = F12CC97D26E76DFC00999F9D;
					};
					F12CC99E26E76E0000999F9D = {
						CreatedOnToolsVersion = 12.0;
						TestTargetID = F12CC97D26E76DFC00999F9D;
					};
				};
			};
			buildConfigurationList = F12CC97926E76DFC00999F9D /* Build configuration list for PBXProject "FoodDelivery" */;
			compatibilityVersion = "Xcode 9.3";
			developmentRegion = en;
			hasScannedForEncodings = 0;
			knownRegions = (
				en,
				Base,
			);
			mainGroup = F12CC97526E76DFC00999F9D;
			productRefGroup = F12CC97F26E76DFC00999F9D /* Products */;
			projectDirPath = "";
			projectRoot = "";
			targets = (
				F12CC97D26E76DFC00999F9D /* FoodDelivery */,
				F12CC99326E76E0000999F9D /* FoodDeliveryTests */,
				F12CC99E26E76E0000999F9D /* FoodDeliveryUITests */,
			);
		};
/* End PBXProject section */

/* Begin PBXResourcesBuildPhase section */
		F12CC97C26E76DFC00999F9D /* Resources */ = {
			isa = PBXResourcesBuildPhase;
			buildActionMask = 2147483647;
			files = (
				F1BC9BDC26EA37E1000500F3 /* Montserrat-ExtraBold.ttf in Resources */,
				F1BC9BD926EA37E1000500F3 /* Montserrat-RegularItalic.ttf in Resources */,
				F1BC9BD526EA37E1000500F3 /* Montserrat-Thin.ttf in Resources */,
				F1BC9BD226EA37E1000500F3 /* Montserrat-Light.ttf in Resources */,
				F1BC9BD126EA37E1000500F3 /* Montserrat-BoldItalic.ttf in Resources */,
				F1BC9BD326EA37E1000500F3 /* Montserrat-ThinItalic.ttf in Resources */,
				F1BC9BCF26EA37E1000500F3 /* Montserrat-LightItalic.ttf in Resources */,
				F1BC9BDE26EA37E1000500F3 /* Montserrat-Regular.ttf in Resources */,
				F1BC9BD426EA37E1000500F3 /* Montserrat-ExtraLight.ttf in Resources */,
				F1BC9BD026EA37E1000500F3 /* Montserrat-Medium.ttf in Resources */,
				F13A910B26E8D57600A0E6A4 /* foodItems.json in Resources */,
				F1BC9BDB26EA37E1000500F3 /* Montserrat-ExtraLightItalic.ttf in Resources */,
				F1BC9BDA26EA37E1000500F3 /* Montserrat-SemiBold.ttf in Resources */,
				F12CC98E26E76DFF00999F9D /* LaunchScreen.storyboard in Resources */,
				F1BC9BD826EA37E1000500F3 /* Montserrat-BlackItalic.ttf in Resources */,
				F1BC9BD626EA37E1000500F3 /* Montserrat-Bold.ttf in Resources */,
				F1BC9BD726EA37E1000500F3 /* Montserrat-MediumItalic.ttf in Resources */,
				F12CC98B26E76DFF00999F9D /* Assets.xcassets in Resources */,
				F1BC9BE026EA37E1000500F3 /* Montserrat-ExtraBoldItalic.ttf in Resources */,
				F1BC9BDF26EA37E1000500F3 /* Montserrat-SemiBoldItalic.ttf in Resources */,
				F1BC9BDD26EA37E1000500F3 /* Montserrat-Black.ttf in Resources */,
			);
			runOnlyForDeploymentPostprocessing = 0;
		};
		F12CC99226E76E0000999F9D /* Resources */ = {
			isa = PBXResourcesBuildPhase;
			buildActionMask = 2147483647;
			files = (
			);
			runOnlyForDeploymentPostprocessing = 0;
		};
		F12CC99D26E76E0000999F9D /* Resources */ = {
			isa = PBXResourcesBuildPhase;
			buildActionMask = 2147483647;
			files = (
			);
			runOnlyForDeploymentPostprocessing = 0;
		};
/* End PBXResourcesBuildPhase section */

/* Begin PBXShellScriptBuildPhase section */
		524B3FB111A5FEE91FBB2F44 /* [CP] Check Pods Manifest.lock */ = {
			isa = PBXShellScriptBuildPhase;
			buildActionMask = 2147483647;
			files = (
			);
			inputFileListPaths = (
			);
			inputPaths = (
				"${PODS_PODFILE_DIR_PATH}/Podfile.lock",
				"${PODS_ROOT}/Manifest.lock",
			);
			name = "[CP] Check Pods Manifest.lock";
			outputFileListPaths = (
			);
			outputPaths = (
				"$(DERIVED_FILE_DIR)/Pods-FoodDelivery-FoodDeliveryUITests-checkManifestLockResult.txt",
			);
			runOnlyForDeploymentPostprocessing = 0;
			shellPath = /bin/sh;
			shellScript = "diff \"${PODS_PODFILE_DIR_PATH}/Podfile.lock\" \"${PODS_ROOT}/Manifest.lock\" > /dev/null\nif [ $? != 0 ] ; then\n    # print error to STDERR\n    echo \"error: The sandbox is not in sync with the Podfile.lock. Run 'pod install' or update your CocoaPods installation.\" >&2\n    exit 1\nfi\n# This output is used by Xcode 'outputs' to avoid re-running this script phase.\necho \"SUCCESS\" > \"${SCRIPT_OUTPUT_FILE_0}\"\n";
			showEnvVarsInLog = 0;
		};
		5273FF957E2CAFD81C9522D4 /* [CP] Embed Pods Frameworks */ = {
			isa = PBXShellScriptBuildPhase;
			buildActionMask = 2147483647;
			files = (
			);
			inputFileListPaths = (
				"${PODS_ROOT}/Target Support Files/Pods-FoodDelivery-FoodDeliveryUITests/Pods-FoodDelivery-FoodDeliveryUITests-frameworks-${CONFIGURATION}-input-files.xcfilelist",
			);
			name = "[CP] Embed Pods Frameworks";
			outputFileListPaths = (
				"${PODS_ROOT}/Target Support Files/Pods-FoodDelivery-FoodDeliveryUITests/Pods-FoodDelivery-FoodDeliveryUITests-frameworks-${CONFIGURATION}-output-files.xcfilelist",
			);
			runOnlyForDeploymentPostprocessing = 0;
			shellPath = /bin/sh;
			shellScript = "\"${PODS_ROOT}/Target Support Files/Pods-FoodDelivery-FoodDeliveryUITests/Pods-FoodDelivery-FoodDeliveryUITests-frameworks.sh\"\n";
			showEnvVarsInLog = 0;
		};
		A5954A78DF923E42F1AE978E /* [CP] Check Pods Manifest.lock */ = {
			isa = PBXShellScriptBuildPhase;
			buildActionMask = 2147483647;
			files = (
			);
			inputFileListPaths = (
			);
			inputPaths = (
				"${PODS_PODFILE_DIR_PATH}/Podfile.lock",
				"${PODS_ROOT}/Manifest.lock",
			);
			name = "[CP] Check Pods Manifest.lock";
			outputFileListPaths = (
			);
			outputPaths = (
				"$(DERIVED_FILE_DIR)/Pods-FoodDelivery-checkManifestLockResult.txt",
			);
			runOnlyForDeploymentPostprocessing = 0;
			shellPath = /bin/sh;
			shellScript = "diff \"${PODS_PODFILE_DIR_PATH}/Podfile.lock\" \"${PODS_ROOT}/Manifest.lock\" > /dev/null\nif [ $? != 0 ] ; then\n    # print error to STDERR\n    echo \"error: The sandbox is not in sync with the Podfile.lock. Run 'pod install' or update your CocoaPods installation.\" >&2\n    exit 1\nfi\n# This output is used by Xcode 'outputs' to avoid re-running this script phase.\necho \"SUCCESS\" > \"${SCRIPT_OUTPUT_FILE_0}\"\n";
			showEnvVarsInLog = 0;
		};
		B1DA6CC6CB6887F790DE60C0 /* [CP] Embed Pods Frameworks */ = {
			isa = PBXShellScriptBuildPhase;
			buildActionMask = 2147483647;
			files = (
			);
			inputFileListPaths = (
				"${PODS_ROOT}/Target Support Files/Pods-FoodDelivery/Pods-FoodDelivery-frameworks-${CONFIGURATION}-input-files.xcfilelist",
			);
			name = "[CP] Embed Pods Frameworks";
			outputFileListPaths = (
				"${PODS_ROOT}/Target Support Files/Pods-FoodDelivery/Pods-FoodDelivery-frameworks-${CONFIGURATION}-output-files.xcfilelist",
			);
			runOnlyForDeploymentPostprocessing = 0;
			shellPath = /bin/sh;
			shellScript = "\"${PODS_ROOT}/Target Support Files/Pods-FoodDelivery/Pods-FoodDelivery-frameworks.sh\"\n";
			showEnvVarsInLog = 0;
		};
		B9B090B4FA8664B990C7447A /* [CP] Embed Pods Frameworks */ = {
			isa = PBXShellScriptBuildPhase;
			buildActionMask = 2147483647;
			files = (
			);
			inputFileListPaths = (
				"${PODS_ROOT}/Target Support Files/Pods-FoodDeliveryTests/Pods-FoodDeliveryTests-frameworks-${CONFIGURATION}-input-files.xcfilelist",
			);
			name = "[CP] Embed Pods Frameworks";
			outputFileListPaths = (
				"${PODS_ROOT}/Target Support Files/Pods-FoodDeliveryTests/Pods-FoodDeliveryTests-frameworks-${CONFIGURATION}-output-files.xcfilelist",
			);
			runOnlyForDeploymentPostprocessing = 0;
			shellPath = /bin/sh;
			shellScript = "\"${PODS_ROOT}/Target Support Files/Pods-FoodDeliveryTests/Pods-FoodDeliveryTests-frameworks.sh\"\n";
			showEnvVarsInLog = 0;
		};
		BA0942E95FAA5E49055229B2 /* [CP] Check Pods Manifest.lock */ = {
			isa = PBXShellScriptBuildPhase;
			buildActionMask = 2147483647;
			files = (
			);
			inputFileListPaths = (
			);
			inputPaths = (
				"${PODS_PODFILE_DIR_PATH}/Podfile.lock",
				"${PODS_ROOT}/Manifest.lock",
			);
			name = "[CP] Check Pods Manifest.lock";
			outputFileListPaths = (
			);
			outputPaths = (
				"$(DERIVED_FILE_DIR)/Pods-FoodDeliveryTests-checkManifestLockResult.txt",
			);
			runOnlyForDeploymentPostprocessing = 0;
			shellPath = /bin/sh;
			shellScript = "diff \"${PODS_PODFILE_DIR_PATH}/Podfile.lock\" \"${PODS_ROOT}/Manifest.lock\" > /dev/null\nif [ $? != 0 ] ; then\n    # print error to STDERR\n    echo \"error: The sandbox is not in sync with the Podfile.lock. Run 'pod install' or update your CocoaPods installation.\" >&2\n    exit 1\nfi\n# This output is used by Xcode 'outputs' to avoid re-running this script phase.\necho \"SUCCESS\" > \"${SCRIPT_OUTPUT_FILE_0}\"\n";
			showEnvVarsInLog = 0;
		};
/* End PBXShellScriptBuildPhase section */

/* Begin PBXSourcesBuildPhase section */
		F12CC97A26E76DFC00999F9D /* Sources */ = {
			isa = PBXSourcesBuildPhase;
			buildActionMask = 2147483647;
			files = (
				F12CCA1426E8A06A00999F9D /* NetworkService.swift in Sources */,
				F12CC9F626E8943F00999F9D /* FoodItem.swift in Sources */,
				F1BC9BE826EA3881000500F3 /* UIFont+Ext.swift in Sources */,
				F1BC9BE726EA3881000500F3 /* UIViewController+Ext.swift in Sources */,
				F12CC98626E76DFC00999F9D /* ItemsListViewController.swift in Sources */,
				F12CC9D126E7EA6E00999F9D /* FoodItemsListPresenter.swift in Sources */,
				F13A911326E9FE3F00A0E6A4 /* FoodItemsList.swift in Sources */,
				F12CC9CC26E7E9C400999F9D /* FoodItemsListInteractor.swift in Sources */,
				F12CC9DE26E7EDFE00999F9D /* ItemsListRouter.swift in Sources */,
				F12CC9C026E77F5500999F9D /* ViewControllerFactory.swift in Sources */,
				F12CC98226E76DFC00999F9D /* AppDelegate.swift in Sources */,
				F12CC98426E76DFC00999F9D /* SceneDelegate.swift in Sources */,
				F1BC9C1F26EB3947000500F3 /* HeaderCollectionViewCell.swift in Sources */,
				F13A911926EA0E7000A0E6A4 /* ItemsListItemTableViewCell.swift in Sources */,
				F1BC9BEE26EB27AB000500F3 /* SegmentView.swift in Sources */,
			);
			runOnlyForDeploymentPostprocessing = 0;
		};
		F12CC99026E76E0000999F9D /* Sources */ = {
			isa = PBXSourcesBuildPhase;
			buildActionMask = 2147483647;
			files = (
				F12CC99926E76E0000999F9D /* FoodDeliveryTests.swift in Sources */,
			);
			runOnlyForDeploymentPostprocessing = 0;
		};
		F12CC99B26E76E0000999F9D /* Sources */ = {
			isa = PBXSourcesBuildPhase;
			buildActionMask = 2147483647;
			files = (
				F12CC9A426E76E0000999F9D /* FoodDeliveryUITests.swift in Sources */,
			);
			runOnlyForDeploymentPostprocessing = 0;
		};
/* End PBXSourcesBuildPhase section */

/* Begin PBXTargetDependency section */
		F12CC99626E76E0000999F9D /* PBXTargetDependency */ = {
			isa = PBXTargetDependency;
			target = F12CC97D26E76DFC00999F9D /* FoodDelivery */;
			targetProxy = F12CC99526E76E0000999F9D /* PBXContainerItemProxy */;
		};
		F12CC9A126E76E0000999F9D /* PBXTargetDependency */ = {
			isa = PBXTargetDependency;
			target = F12CC97D26E76DFC00999F9D /* FoodDelivery */;
			targetProxy = F12CC9A026E76E0000999F9D /* PBXContainerItemProxy */;
		};
/* End PBXTargetDependency section */

/* Begin PBXVariantGroup section */
		F12CC98C26E76DFF00999F9D /* LaunchScreen.storyboard */ = {
			isa = PBXVariantGroup;
			children = (
				F12CC98D26E76DFF00999F9D /* Base */,
			);
			name = LaunchScreen.storyboard;
			sourceTree = "<group>";
		};
/* End PBXVariantGroup section */

/* Begin XCBuildConfiguration section */
		F12CC9A626E76E0000999F9D /* Debug */ = {
			isa = XCBuildConfiguration;
			buildSettings = {
				ALWAYS_SEARCH_USER_PATHS = NO;
				CLANG_ANALYZER_NONNULL = YES;
				CLANG_ANALYZER_NUMBER_OBJECT_CONVERSION = YES_AGGRESSIVE;
				CLANG_CXX_LANGUAGE_STANDARD = "gnu++14";
				CLANG_CXX_LIBRARY = "libc++";
				CLANG_ENABLE_MODULES = YES;
				CLANG_ENABLE_OBJC_ARC = YES;
				CLANG_ENABLE_OBJC_WEAK = YES;
				CLANG_WARN_BLOCK_CAPTURE_AUTORELEASING = YES;
				CLANG_WARN_BOOL_CONVERSION = YES;
				CLANG_WARN_COMMA = YES;
				CLANG_WARN_CONSTANT_CONVERSION = YES;
				CLANG_WARN_DEPRECATED_OBJC_IMPLEMENTATIONS = YES;
				CLANG_WARN_DIRECT_OBJC_ISA_USAGE = YES_ERROR;
				CLANG_WARN_DOCUMENTATION_COMMENTS = YES;
				CLANG_WARN_EMPTY_BODY = YES;
				CLANG_WARN_ENUM_CONVERSION = YES;
				CLANG_WARN_INFINITE_RECURSION = YES;
				CLANG_WARN_INT_CONVERSION = YES;
				CLANG_WARN_NON_LITERAL_NULL_CONVERSION = YES;
				CLANG_WARN_OBJC_IMPLICIT_RETAIN_SELF = YES;
				CLANG_WARN_OBJC_LITERAL_CONVERSION = YES;
				CLANG_WARN_OBJC_ROOT_CLASS = YES_ERROR;
				CLANG_WARN_QUOTED_INCLUDE_IN_FRAMEWORK_HEADER = YES;
				CLANG_WARN_RANGE_LOOP_ANALYSIS = YES;
				CLANG_WARN_STRICT_PROTOTYPES = YES;
				CLANG_WARN_SUSPICIOUS_MOVE = YES;
				CLANG_WARN_UNGUARDED_AVAILABILITY = YES_AGGRESSIVE;
				CLANG_WARN_UNREACHABLE_CODE = YES;
				CLANG_WARN__DUPLICATE_METHOD_MATCH = YES;
				COPY_PHASE_STRIP = NO;
				DEBUG_INFORMATION_FORMAT = dwarf;
				ENABLE_STRICT_OBJC_MSGSEND = YES;
				ENABLE_TESTABILITY = YES;
				GCC_C_LANGUAGE_STANDARD = gnu11;
				GCC_DYNAMIC_NO_PIC = NO;
				GCC_NO_COMMON_BLOCKS = YES;
				GCC_OPTIMIZATION_LEVEL = 0;
				GCC_PREPROCESSOR_DEFINITIONS = (
					"DEBUG=1",
					"$(inherited)",
				);
				GCC_WARN_64_TO_32_BIT_CONVERSION = YES;
				GCC_WARN_ABOUT_RETURN_TYPE = YES_ERROR;
				GCC_WARN_UNDECLARED_SELECTOR = YES;
				GCC_WARN_UNINITIALIZED_AUTOS = YES_AGGRESSIVE;
				GCC_WARN_UNUSED_FUNCTION = YES;
				GCC_WARN_UNUSED_VARIABLE = YES;
				IPHONEOS_DEPLOYMENT_TARGET = 14.0;
				MTL_ENABLE_DEBUG_INFO = INCLUDE_SOURCE;
				MTL_FAST_MATH = YES;
				ONLY_ACTIVE_ARCH = YES;
				SDKROOT = iphoneos;
				SWIFT_ACTIVE_COMPILATION_CONDITIONS = DEBUG;
				SWIFT_OPTIMIZATION_LEVEL = "-Onone";
			};
			name = Debug;
		};
		F12CC9A726E76E0000999F9D /* Release */ = {
			isa = XCBuildConfiguration;
			buildSettings = {
				ALWAYS_SEARCH_USER_PATHS = NO;
				CLANG_ANALYZER_NONNULL = YES;
				CLANG_ANALYZER_NUMBER_OBJECT_CONVERSION = YES_AGGRESSIVE;
				CLANG_CXX_LANGUAGE_STANDARD = "gnu++14";
				CLANG_CXX_LIBRARY = "libc++";
				CLANG_ENABLE_MODULES = YES;
				CLANG_ENABLE_OBJC_ARC = YES;
				CLANG_ENABLE_OBJC_WEAK = YES;
				CLANG_WARN_BLOCK_CAPTURE_AUTORELEASING = YES;
				CLANG_WARN_BOOL_CONVERSION = YES;
				CLANG_WARN_COMMA = YES;
				CLANG_WARN_CONSTANT_CONVERSION = YES;
				CLANG_WARN_DEPRECATED_OBJC_IMPLEMENTATIONS = YES;
				CLANG_WARN_DIRECT_OBJC_ISA_USAGE = YES_ERROR;
				CLANG_WARN_DOCUMENTATION_COMMENTS = YES;
				CLANG_WARN_EMPTY_BODY = YES;
				CLANG_WARN_ENUM_CONVERSION = YES;
				CLANG_WARN_INFINITE_RECURSION = YES;
				CLANG_WARN_INT_CONVERSION = YES;
				CLANG_WARN_NON_LITERAL_NULL_CONVERSION = YES;
				CLANG_WARN_OBJC_IMPLICIT_RETAIN_SELF = YES;
				CLANG_WARN_OBJC_LITERAL_CONVERSION = YES;
				CLANG_WARN_OBJC_ROOT_CLASS = YES_ERROR;
				CLANG_WARN_QUOTED_INCLUDE_IN_FRAMEWORK_HEADER = YES;
				CLANG_WARN_RANGE_LOOP_ANALYSIS = YES;
				CLANG_WARN_STRICT_PROTOTYPES = YES;
				CLANG_WARN_SUSPICIOUS_MOVE = YES;
				CLANG_WARN_UNGUARDED_AVAILABILITY = YES_AGGRESSIVE;
				CLANG_WARN_UNREACHABLE_CODE = YES;
				CLANG_WARN__DUPLICATE_METHOD_MATCH = YES;
				COPY_PHASE_STRIP = NO;
				DEBUG_INFORMATION_FORMAT = "dwarf-with-dsym";
				ENABLE_NS_ASSERTIONS = NO;
				ENABLE_STRICT_OBJC_MSGSEND = YES;
				GCC_C_LANGUAGE_STANDARD = gnu11;
				GCC_NO_COMMON_BLOCKS = YES;
				GCC_WARN_64_TO_32_BIT_CONVERSION = YES;
				GCC_WARN_ABOUT_RETURN_TYPE = YES_ERROR;
				GCC_WARN_UNDECLARED_SELECTOR = YES;
				GCC_WARN_UNINITIALIZED_AUTOS = YES_AGGRESSIVE;
				GCC_WARN_UNUSED_FUNCTION = YES;
				GCC_WARN_UNUSED_VARIABLE = YES;
				IPHONEOS_DEPLOYMENT_TARGET = 14.0;
				MTL_ENABLE_DEBUG_INFO = NO;
				MTL_FAST_MATH = YES;
				SDKROOT = iphoneos;
				SWIFT_COMPILATION_MODE = wholemodule;
				SWIFT_OPTIMIZATION_LEVEL = "-O";
				VALIDATE_PRODUCT = YES;
			};
			name = Release;
		};
		F12CC9A926E76E0000999F9D /* Debug */ = {
			isa = XCBuildConfiguration;
			baseConfigurationReference = D2E407916FA732B78D60D188 /* Pods-FoodDelivery.debug.xcconfig */;
			buildSettings = {
				ASSETCATALOG_COMPILER_APPICON_NAME = AppIcon;
				ASSETCATALOG_COMPILER_GLOBAL_ACCENT_COLOR_NAME = AccentColor;
				CODE_SIGN_STYLE = Automatic;
				INFOPLIST_FILE = FoodDelivery/Info.plist;
				LD_RUNPATH_SEARCH_PATHS = (
					"$(inherited)",
					"@executable_path/Frameworks",
				);
				PRODUCT_BUNDLE_IDENTIFIER = com.FoodDelivery;
				PRODUCT_NAME = "$(TARGET_NAME)";
				SWIFT_VERSION = 5.0;
				TARGETED_DEVICE_FAMILY = "1,2";
			};
			name = Debug;
		};
		F12CC9AA26E76E0000999F9D /* Release */ = {
			isa = XCBuildConfiguration;
			baseConfigurationReference = 66671AD7331F97F70B63CABD /* Pods-FoodDelivery.release.xcconfig */;
			buildSettings = {
				ASSETCATALOG_COMPILER_APPICON_NAME = AppIcon;
				ASSETCATALOG_COMPILER_GLOBAL_ACCENT_COLOR_NAME = AccentColor;
				CODE_SIGN_STYLE = Automatic;
				INFOPLIST_FILE = FoodDelivery/Info.plist;
				LD_RUNPATH_SEARCH_PATHS = (
					"$(inherited)",
					"@executable_path/Frameworks",
				);
				PRODUCT_BUNDLE_IDENTIFIER = com.FoodDelivery;
				PRODUCT_NAME = "$(TARGET_NAME)";
				SWIFT_VERSION = 5.0;
				TARGETED_DEVICE_FAMILY = "1,2";
			};
			name = Release;
		};
		F12CC9AC26E76E0000999F9D /* Debug */ = {
			isa = XCBuildConfiguration;
			baseConfigurationReference = F632673DEAF68B66FFF8DB00 /* Pods-FoodDeliveryTests.debug.xcconfig */;
			buildSettings = {
				ALWAYS_EMBED_SWIFT_STANDARD_LIBRARIES = YES;
				BUNDLE_LOADER = "$(TEST_HOST)";
				CODE_SIGN_STYLE = Automatic;
				INFOPLIST_FILE = FoodDeliveryTests/Info.plist;
				IPHONEOS_DEPLOYMENT_TARGET = 14.0;
				LD_RUNPATH_SEARCH_PATHS = (
					"$(inherited)",
					"@executable_path/Frameworks",
					"@loader_path/Frameworks",
				);
				PRODUCT_BUNDLE_IDENTIFIER = com.FoodDeliveryTests;
				PRODUCT_NAME = "$(TARGET_NAME)";
				SWIFT_VERSION = 5.0;
				TARGETED_DEVICE_FAMILY = "1,2";
				TEST_HOST = "$(BUILT_PRODUCTS_DIR)/FoodDelivery.app/FoodDelivery";
			};
			name = Debug;
		};
		F12CC9AD26E76E0000999F9D /* Release */ = {
			isa = XCBuildConfiguration;
			baseConfigurationReference = 356B9AC702C741690FA3BE5F /* Pods-FoodDeliveryTests.release.xcconfig */;
			buildSettings = {
				ALWAYS_EMBED_SWIFT_STANDARD_LIBRARIES = YES;
				BUNDLE_LOADER = "$(TEST_HOST)";
				CODE_SIGN_STYLE = Automatic;
				INFOPLIST_FILE = FoodDeliveryTests/Info.plist;
				IPHONEOS_DEPLOYMENT_TARGET = 14.0;
				LD_RUNPATH_SEARCH_PATHS = (
					"$(inherited)",
					"@executable_path/Frameworks",
					"@loader_path/Frameworks",
				);
				PRODUCT_BUNDLE_IDENTIFIER = com.FoodDeliveryTests;
				PRODUCT_NAME = "$(TARGET_NAME)";
				SWIFT_VERSION = 5.0;
				TARGETED_DEVICE_FAMILY = "1,2";
				TEST_HOST = "$(BUILT_PRODUCTS_DIR)/FoodDelivery.app/FoodDelivery";
			};
			name = Release;
		};
		F12CC9AF26E76E0000999F9D /* Debug */ = {
			isa = XCBuildConfiguration;
			baseConfigurationReference = 27F91262AB3B0B59C7A849BA /* Pods-FoodDelivery-FoodDeliveryUITests.debug.xcconfig */;
			buildSettings = {
				ALWAYS_EMBED_SWIFT_STANDARD_LIBRARIES = YES;
				CODE_SIGN_STYLE = Automatic;
				INFOPLIST_FILE = FoodDeliveryUITests/Info.plist;
				LD_RUNPATH_SEARCH_PATHS = (
					"$(inherited)",
					"@executable_path/Frameworks",
					"@loader_path/Frameworks",
				);
				PRODUCT_BUNDLE_IDENTIFIER = com.FoodDeliveryUITests;
				PRODUCT_NAME = "$(TARGET_NAME)";
				SWIFT_VERSION = 5.0;
				TARGETED_DEVICE_FAMILY = "1,2";
				TEST_TARGET_NAME = FoodDelivery;
			};
			name = Debug;
		};
		F12CC9B026E76E0000999F9D /* Release */ = {
			isa = XCBuildConfiguration;
			baseConfigurationReference = 333E7093593DD1BC68D0CBB4 /* Pods-FoodDelivery-FoodDeliveryUITests.release.xcconfig */;
			buildSettings = {
				ALWAYS_EMBED_SWIFT_STANDARD_LIBRARIES = YES;
				CODE_SIGN_STYLE = Automatic;
				INFOPLIST_FILE = FoodDeliveryUITests/Info.plist;
				LD_RUNPATH_SEARCH_PATHS = (
					"$(inherited)",
					"@executable_path/Frameworks",
					"@loader_path/Frameworks",
				);
				PRODUCT_BUNDLE_IDENTIFIER = com.FoodDeliveryUITests;
				PRODUCT_NAME = "$(TARGET_NAME)";
				SWIFT_VERSION = 5.0;
				TARGETED_DEVICE_FAMILY = "1,2";
				TEST_TARGET_NAME = FoodDelivery;
			};
			name = Release;
		};
/* End XCBuildConfiguration section */

/* Begin XCConfigurationList section */
		F12CC97926E76DFC00999F9D /* Build configuration list for PBXProject "FoodDelivery" */ = {
			isa = XCConfigurationList;
			buildConfigurations = (
				F12CC9A626E76E0000999F9D /* Debug */,
				F12CC9A726E76E0000999F9D /* Release */,
			);
			defaultConfigurationIsVisible = 0;
			defaultConfigurationName = Release;
		};
		F12CC9A826E76E0000999F9D /* Build configuration list for PBXNativeTarget "FoodDelivery" */ = {
			isa = XCConfigurationList;
			buildConfigurations = (
				F12CC9A926E76E0000999F9D /* Debug */,
				F12CC9AA26E76E0000999F9D /* Release */,
			);
			defaultConfigurationIsVisible = 0;
			defaultConfigurationName = Release;
		};
		F12CC9AB26E76E0000999F9D /* Build configuration list for PBXNativeTarget "FoodDeliveryTests" */ = {
			isa = XCConfigurationList;
			buildConfigurations = (
				F12CC9AC26E76E0000999F9D /* Debug */,
				F12CC9AD26E76E0000999F9D /* Release */,
			);
			defaultConfigurationIsVisible = 0;
			defaultConfigurationName = Release;
		};
		F12CC9AE26E76E0000999F9D /* Build configuration list for PBXNativeTarget "FoodDeliveryUITests" */ = {
			isa = XCConfigurationList;
			buildConfigurations = (
				F12CC9AF26E76E0000999F9D /* Debug */,
				F12CC9B026E76E0000999F9D /* Release */,
			);
			defaultConfigurationIsVisible = 0;
			defaultConfigurationName = Release;
		};
/* End XCConfigurationList section */
	};
	rootObject = F12CC97626E76DFC00999F9D /* Project object */;
}
