// !$*UTF8*$!
{
	archiveVersion = 1;
	classes = {
	};
	objectVersion = 50;
	objects = {

/* Begin PBXBuildFile section */
		F12CC98226E76DFC00999F9D /* AppDelegate.swift in Sources */ = {isa = PBXBuildFile; fileRef = F12CC98126E76DFC00999F9D /* AppDelegate.swift */; };
		F12CC98426E76DFC00999F9D /* SceneDelegate.swift in Sources */ = {isa = PBXBuildFile; fileRef = F12CC98326E76DFC00999F9D /* SceneDelegate.swift */; };
		F12CC98626E76DFC00999F9D /* ItemsListViewController.swift in Sources */ = {isa = PBXBuildFile; fileRef = F12CC98526E76DFC00999F9D /* ItemsListViewController.swift */; };
		F12CC98B26E76DFF00999F9D /* Assets.xcassets in Resources */ = {isa = PBXBuildFile; fileRef = F12CC98A26E76DFF00999F9D /* Assets.xcassets */; };
		F12CC98E26E76DFF00999F9D /* LaunchScreen.storyboard in Resources */ = {isa = PBXBuildFile; fileRef = F12CC98C26E76DFF00999F9D /* LaunchScreen.storyboard */; };
		F12CC99926E76E0000999F9D /* FoodDeliveryTests.swift in Sources */ = {isa = PBXBuildFile; fileRef = F12CC99826E76E0000999F9D /* FoodDeliveryTests.swift */; };
		F12CC9A426E76E0000999F9D /* FoodDeliveryUITests.swift in Sources */ = {isa = PBXBuildFile; fileRef = F12CC9A326E76E0000999F9D /* FoodDeliveryUITests.swift */; };
		F12CC9C026E77F5500999F9D /* ViewControllerFactory.swift in Sources */ = {isa = PBXBuildFile; fileRef = F12CC9BF26E77F5500999F9D /* ViewControllerFactory.swift */; };
/* End PBXBuildFile section */

/* Begin PBXContainerItemProxy section */
		F12CC99526E76E0000999F9D /* PBXContainerItemProxy */ = {
			isa = PBXContainerItemProxy;
			containerPortal = F12CC97626E76DFC00999F9D /* Project object */;
			proxyType = 1;
			remoteGlobalIDString = F12CC97D26E76DFC00999F9D;
			remoteInfo = FoodDelivery;
		};
		F12CC9A026E76E0000999F9D /* PBXContainerItemProxy */ = {
			isa = PBXContainerItemProxy;
			containerPortal = F12CC97626E76DFC00999F9D /* Project object */;
			proxyType = 1;
			remoteGlobalIDString = F12CC97D26E76DFC00999F9D;
			remoteInfo = FoodDelivery;
		};
/* End PBXContainerItemProxy section */

/* Begin PBXFileReference section */
		F12CC97E26E76DFC00999F9D /* FoodDelivery.app */ = {isa = PBXFileReference; explicitFileType = wrapper.application; includeInIndex = 0; path = FoodDelivery.app; sourceTree = BUILT_PRODUCTS_DIR; };
		F12CC98126E76DFC00999F9D /* AppDelegate.swift */ = {isa = PBXFileReference; lastKnownFileType = sourcecode.swift; path = AppDelegate.swift; sourceTree = "<group>"; };
		F12CC98326E76DFC00999F9D /* SceneDelegate.swift */ = {isa = PBXFileReference; lastKnownFileType = sourcecode.swift; path = SceneDelegate.swift; sourceTree = "<group>"; };
		F12CC98526E76DFC00999F9D /* ItemsListViewController.swift */ = {isa = PBXFileReference; lastKnownFileType = sourcecode.swift; path = ItemsListViewController.swift; sourceTree = "<group>"; };
		F12CC98A26E76DFF00999F9D /* Assets.xcassets */ = {isa = PBXFileReference; lastKnownFileType = folder.assetcatalog; path = Assets.xcassets; sourceTree = "<group>"; };
		F12CC98D26E76DFF00999F9D /* Base */ = {isa = PBXFileReference; lastKnownFileType = file.storyboard; name = Base; path = Base.lproj/LaunchScreen.storyboard; sourceTree = "<group>"; };
		F12CC98F26E76DFF00999F9D /* Info.plist */ = {isa = PBXFileReference; lastKnownFileType = text.plist.xml; path = Info.plist; sourceTree = "<group>"; };
		F12CC99426E76E0000999F9D /* FoodDeliveryTests.xctest */ = {isa = PBXFileReference; explicitFileType = wrapper.cfbundle; includeInIndex = 0; path = FoodDeliveryTests.xctest; sourceTree = BUILT_PRODUCTS_DIR; };
		F12CC99826E76E0000999F9D /* FoodDeliveryTests.swift */ = {isa = PBXFileReference; lastKnownFileType = sourcecode.swift; path = FoodDeliveryTests.swift; sourceTree = "<group>"; };
		F12CC99A26E76E0000999F9D /* Info.plist */ = {isa = PBXFileReference; lastKnownFileType = text.plist.xml; path = Info.plist; sourceTree = "<group>"; };
		F12CC99F26E76E0000999F9D /* FoodDeliveryUITests.xctest */ = {isa = PBXFileReference; explicitFileType = wrapper.cfbundle; includeInIndex = 0; path = FoodDeliveryUITests.xctest; sourceTree = BUILT_PRODUCTS_DIR; };
		F12CC9A326E76E0000999F9D /* FoodDeliveryUITests.swift */ = {isa = PBXFileReference; lastKnownFileType = sourcecode.swift; path = FoodDeliveryUITests.swift; sourceTree = "<group>"; };
		F12CC9A526E76E0000999F9D /* Info.plist */ = {isa = PBXFileReference; lastKnownFileType = text.plist.xml; path = Info.plist; sourceTree = "<group>"; };
		F12CC9BF26E77F5500999F9D /* ViewControllerFactory.swift */ = {isa = PBXFileReference; lastKnownFileType = sourcecode.swift; path = ViewControllerFactory.swift; sourceTree = "<group>"; };
/* End PBXFileReference section */

/* Begin PBXFrameworksBuildPhase section */
		F12CC97B26E76DFC00999F9D /* Frameworks */ = {
			isa = PBXFrameworksBuildPhase;
			buildActionMask = 2147483647;
			files = (
			);
			runOnlyForDeploymentPostprocessing = 0;
		};
		F12CC99126E76E0000999F9D /* Frameworks */ = {
			isa = PBXFrameworksBuildPhase;
			buildActionMask = 2147483647;
			files = (
			);
			runOnlyForDeploymentPostprocessing = 0;
		};
		F12CC99C26E76E0000999F9D /* Frameworks */ = {
			isa = PBXFrameworksBuildPhase;
			buildActionMask = 2147483647;
			files = (
			);
			runOnlyForDeploymentPostprocessing = 0;
		};
/* End PBXFrameworksBuildPhase section */

/* Begin PBXGroup section */
		F12CC97526E76DFC00999F9D = {
			isa = PBXGroup;
			children = (
				F12CC98026E76DFC00999F9D /* FoodDelivery */,
				F12CC99726E76E0000999F9D /* FoodDeliveryTests */,
				F12CC9A226E76E0000999F9D /* FoodDeliveryUITests */,
				F12CC97F26E76DFC00999F9D /* Products */,
			);
			sourceTree = "<group>";
		};
		F12CC97F26E76DFC00999F9D /* Products */ = {
			isa = PBXGroup;
			children = (
				F12CC97E26E76DFC00999F9D /* FoodDelivery.app */,
				F12CC99426E76E0000999F9D /* FoodDeliveryTests.xctest */,
				F12CC99F26E76E0000999F9D /* FoodDeliveryUITests.xctest */,
			);
			name = Products;
			sourceTree = "<group>";
		};
		F12CC98026E76DFC00999F9D /* FoodDelivery */ = {
			isa = PBXGroup;
			children = (
				F12CC9B926E77DDC00999F9D /* Main */,
				F12CC9BA26E77DF300999F9D /* View */,
				F12CC98A26E76DFF00999F9D /* Assets.xcassets */,
				F12CC98C26E76DFF00999F9D /* LaunchScreen.storyboard */,
				F12CC98F26E76DFF00999F9D /* Info.plist */,
			);
			path = FoodDelivery;
			sourceTree = "<group>";
		};
		F12CC99726E76E0000999F9D /* FoodDeliveryTests */ = {
			isa = PBXGroup;
			children = (
				F12CC99826E76E0000999F9D /* FoodDeliveryTests.swift */,
				F12CC99A26E76E0000999F9D /* Info.plist */,
			);
			path = FoodDeliveryTests;
			sourceTree = "<group>";
		};
		F12CC9A226E76E0000999F9D /* FoodDeliveryUITests */ = {
			isa = PBXGroup;
			children = (
				F12CC9A326E76E0000999F9D /* FoodDeliveryUITests.swift */,
				F12CC9A526E76E0000999F9D /* Info.plist */,
			);
			path = FoodDeliveryUITests;
			sourceTree = "<group>";
		};
		F12CC9B926E77DDC00999F9D /* Main */ = {
			isa = PBXGroup;
			children = (
				F12CC9BF26E77F5500999F9D /* ViewControllerFactory.swift */,
				F12CC98126E76DFC00999F9D /* AppDelegate.swift */,
				F12CC98326E76DFC00999F9D /* SceneDelegate.swift */,
			);
			path = Main;
			sourceTree = "<group>";
		};
		F12CC9BA26E77DF300999F9D /* View */ = {
			isa = PBXGroup;
			children = (
				F12CC98526E76DFC00999F9D /* ItemsListViewController.swift */,
			);
			path = View;
			sourceTree = "<group>";
		};
/* End PBXGroup section */

/* Begin PBXNativeTarget section */
		F12CC97D26E76DFC00999F9D /* FoodDelivery */ = {
			isa = PBXNativeTarget;
			buildConfigurationList = F12CC9A826E76E0000999F9D /* Build configuration list for PBXNativeTarget "FoodDelivery" */;
			buildPhases = (
				F12CC97A26E76DFC00999F9D /* Sources */,
				F12CC97B26E76DFC00999F9D /* Frameworks */,
				F12CC97C26E76DFC00999F9D /* Resources */,
			);
			buildRules = (
			);
			dependencies = (
			);
			name = FoodDelivery;
			productName = FoodDelivery;
			productReference = F12CC97E26E76DFC00999F9D /* FoodDelivery.app */;
			productType = "com.apple.product-type.application";
		};
		F12CC99326E76E0000999F9D /* FoodDeliveryTests */ = {
			isa = PBXNativeTarget;
			buildConfigurationList = F12CC9AB26E76E0000999F9D /* Build configuration list for PBXNativeTarget "FoodDeliveryTests" */;
			buildPhases = (
				F12CC99026E76E0000999F9D /* Sources */,
				F12CC99126E76E0000999F9D /* Frameworks */,
				F12CC99226E76E0000999F9D /* Resources */,
			);
			buildRules = (
			);
			dependencies = (
				F12CC99626E76E0000999F9D /* PBXTargetDependency */,
			);
			name = FoodDeliveryTests;
			productName = FoodDeliveryTests;
			productReference = F12CC99426E76E0000999F9D /* FoodDeliveryTests.xctest */;
			productType = "com.apple.product-type.bundle.unit-test";
		};
		F12CC99E26E76E0000999F9D /* FoodDeliveryUITests */ = {
			isa = PBXNativeTarget;
			buildConfigurationList = F12CC9AE26E76E0000999F9D /* Build configuration list for PBXNativeTarget "FoodDeliveryUITests" */;
			buildPhases = (
				F12CC99B26E76E0000999F9D /* Sources */,
				F12CC99C26E76E0000999F9D /* Frameworks */,
				F12CC99D26E76E0000999F9D /* Resources */,
			);
			buildRules = (
			);
			dependencies = (
				F12CC9A126E76E0000999F9D /* PBXTargetDependency */,
			);
			name = FoodDeliveryUITests;
			productName = FoodDeliveryUITests;
			productReference = F12CC99F26E76E0000999F9D /* FoodDeliveryUITests.xctest */;
			productType = "com.apple.product-type.bundle.ui-testing";
		};
/* End PBXNativeTarget section */

/* Begin PBXProject section */
		F12CC97626E76DFC00999F9D /* Project object */ = {
			isa = PBXProject;
			attributes = {
				LastSwiftUpdateCheck = 1200;
				LastUpgradeCheck = 1200;
				TargetAttributes = {
					F12CC97D26E76DFC00999F9D = {
						CreatedOnToolsVersion = 12.0;
					};
					F12CC99326E76E0000999F9D = {
						CreatedOnToolsVersion = 12.0;
						TestTargetID = F12CC97D26E76DFC00999F9D;
					};
					F12CC99E26E76E0000999F9D = {
						CreatedOnToolsVersion = 12.0;
						TestTargetID = F12CC97D26E76DFC00999F9D;
					};
				};
			};
			buildConfigurationList = F12CC97926E76DFC00999F9D /* Build configuration list for PBXProject "FoodDelivery" */;
			compatibilityVersion = "Xcode 9.3";
			developmentRegion = en;
			hasScannedForEncodings = 0;
			knownRegions = (
				en,
				Base,
			);
			mainGroup = F12CC97526E76DFC00999F9D;
			productRefGroup = F12CC97F26E76DFC00999F9D /* Products */;
			projectDirPath = "";
			projectRoot = "";
			targets = (
				F12CC97D26E76DFC00999F9D /* FoodDelivery */,
				F12CC99326E76E0000999F9D /* FoodDeliveryTests */,
				F12CC99E26E76E0000999F9D /* FoodDeliveryUITests */,
			);
		};
/* End PBXProject section */

/* Begin PBXResourcesBuildPhase section */
		F12CC97C26E76DFC00999F9D /* Resources */ = {
			isa = PBXResourcesBuildPhase;
			buildActionMask = 2147483647;
			files = (
				F12CC98E26E76DFF00999F9D /* LaunchScreen.storyboard in Resources */,
				F12CC98B26E76DFF00999F9D /* Assets.xcassets in Resources */,
			);
			runOnlyForDeploymentPostprocessing = 0;
		};
		F12CC99226E76E0000999F9D /* Resources */ = {
			isa = PBXResourcesBuildPhase;
			buildActionMask = 2147483647;
			files = (
			);
			runOnlyForDeploymentPostprocessing = 0;
		};
		F12CC99D26E76E0000999F9D /* Resources */ = {
			isa = PBXResourcesBuildPhase;
			buildActionMask = 2147483647;
			files = (
			);
			runOnlyForDeploymentPostprocessing = 0;
		};
/* End PBXResourcesBuildPhase section */

/* Begin PBXSourcesBuildPhase section */
		F12CC97A26E76DFC00999F9D /* Sources */ = {
			isa = PBXSourcesBuildPhase;
			buildActionMask = 2147483647;
			files = (
				F12CC98626E76DFC00999F9D /* ItemsListViewController.swift in Sources */,
				F12CC9C026E77F5500999F9D /* ViewControllerFactory.swift in Sources */,
				F12CC98226E76DFC00999F9D /* AppDelegate.swift in Sources */,
				F12CC98426E76DFC00999F9D /* SceneDelegate.swift in Sources */,
			);
			runOnlyForDeploymentPostprocessing = 0;
		};
		F12CC99026E76E0000999F9D /* Sources */ = {
			isa = PBXSourcesBuildPhase;
			buildActionMask = 2147483647;
			files = (
				F12CC99926E76E0000999F9D /* FoodDeliveryTests.swift in Sources */,
			);
			runOnlyForDeploymentPostprocessing = 0;
		};
		F12CC99B26E76E0000999F9D /* Sources */ = {
			isa = PBXSourcesBuildPhase;
			buildActionMask = 2147483647;
			files = (
				F12CC9A426E76E0000999F9D /* FoodDeliveryUITests.swift in Sources */,
			);
			runOnlyForDeploymentPostprocessing = 0;
		};
/* End PBXSourcesBuildPhase section */

/* Begin PBXTargetDependency section */
		F12CC99626E76E0000999F9D /* PBXTargetDependency */ = {
			isa = PBXTargetDependency;
			target = F12CC97D26E76DFC00999F9D /* FoodDelivery */;
			targetProxy = F12CC99526E76E0000999F9D /* PBXContainerItemProxy */;
		};
		F12CC9A126E76E0000999F9D /* PBXTargetDependency */ = {
			isa = PBXTargetDependency;
			target = F12CC97D26E76DFC00999F9D /* FoodDelivery */;
			targetProxy = F12CC9A026E76E0000999F9D /* PBXContainerItemProxy */;
		};
/* End PBXTargetDependency section */

/* Begin PBXVariantGroup section */
		F12CC98C26E76DFF00999F9D /* LaunchScreen.storyboard */ = {
			isa = PBXVariantGroup;
			children = (
				F12CC98D26E76DFF00999F9D /* Base */,
			);
			name = LaunchScreen.storyboard;
			sourceTree = "<group>";
		};
/* End PBXVariantGroup section */

/* Begin XCBuildConfiguration section */
		F12CC9A626E76E0000999F9D /* Debug */ = {
			isa = XCBuildConfiguration;
			buildSettings = {
				ALWAYS_SEARCH_USER_PATHS = NO;
				CLANG_ANALYZER_NONNULL = YES;
				CLANG_ANALYZER_NUMBER_OBJECT_CONVERSION = YES_AGGRESSIVE;
				CLANG_CXX_LANGUAGE_STANDARD = "gnu++14";
				CLANG_CXX_LIBRARY = "libc++";
				CLANG_ENABLE_MODULES = YES;
				CLANG_ENABLE_OBJC_ARC = YES;
				CLANG_ENABLE_OBJC_WEAK = YES;
				CLANG_WARN_BLOCK_CAPTURE_AUTORELEASING = YES;
				CLANG_WARN_BOOL_CONVERSION = YES;
				CLANG_WARN_COMMA = YES;
				CLANG_WARN_CONSTANT_CONVERSION = YES;
				CLANG_WARN_DEPRECATED_OBJC_IMPLEMENTATIONS = YES;
				CLANG_WARN_DIRECT_OBJC_ISA_USAGE = YES_ERROR;
				CLANG_WARN_DOCUMENTATION_COMMENTS = YES;
				CLANG_WARN_EMPTY_BODY = YES;
				CLANG_WARN_ENUM_CONVERSION = YES;
				CLANG_WARN_INFINITE_RECURSION = YES;
				CLANG_WARN_INT_CONVERSION = YES;
				CLANG_WARN_NON_LITERAL_NULL_CONVERSION = YES;
				CLANG_WARN_OBJC_IMPLICIT_RETAIN_SELF = YES;
				CLANG_WARN_OBJC_LITERAL_CONVERSION = YES;
				CLANG_WARN_OBJC_ROOT_CLASS = YES_ERROR;
				CLANG_WARN_QUOTED_INCLUDE_IN_FRAMEWORK_HEADER = YES;
				CLANG_WARN_RANGE_LOOP_ANALYSIS = YES;
				CLANG_WARN_STRICT_PROTOTYPES = YES;
				CLANG_WARN_SUSPICIOUS_MOVE = YES;
				CLANG_WARN_UNGUARDED_AVAILABILITY = YES_AGGRESSIVE;
				CLANG_WARN_UNREACHABLE_CODE = YES;
				CLANG_WARN__DUPLICATE_METHOD_MATCH = YES;
				COPY_PHASE_STRIP = NO;
				DEBUG_INFORMATION_FORMAT = dwarf;
				ENABLE_STRICT_OBJC_MSGSEND = YES;
				ENABLE_TESTABILITY = YES;
				GCC_C_LANGUAGE_STANDARD = gnu11;
				GCC_DYNAMIC_NO_PIC = NO;
				GCC_NO_COMMON_BLOCKS = YES;
				GCC_OPTIMIZATION_LEVEL = 0;
				GCC_PREPROCESSOR_DEFINITIONS = (
					"DEBUG=1",
					"$(inherited)",
				);
				GCC_WARN_64_TO_32_BIT_CONVERSION = YES;
				GCC_WARN_ABOUT_RETURN_TYPE = YES_ERROR;
				GCC_WARN_UNDECLARED_SELECTOR = YES;
				GCC_WARN_UNINITIALIZED_AUTOS = YES_AGGRESSIVE;
				GCC_WARN_UNUSED_FUNCTION = YES;
				GCC_WARN_UNUSED_VARIABLE = YES;
				IPHONEOS_DEPLOYMENT_TARGET = 14.0;
				MTL_ENABLE_DEBUG_INFO = INCLUDE_SOURCE;
				MTL_FAST_MATH = YES;
				ONLY_ACTIVE_ARCH = YES;
				SDKROOT = iphoneos;
				SWIFT_ACTIVE_COMPILATION_CONDITIONS = DEBUG;
				SWIFT_OPTIMIZATION_LEVEL = "-Onone";
			};
			name = Debug;
		};
		F12CC9A726E76E0000999F9D /* Release */ = {
			isa = XCBuildConfiguration;
			buildSettings = {
				ALWAYS_SEARCH_USER_PATHS = NO;
				CLANG_ANALYZER_NONNULL = YES;
				CLANG_ANALYZER_NUMBER_OBJECT_CONVERSION = YES_AGGRESSIVE;
				CLANG_CXX_LANGUAGE_STANDARD = "gnu++14";
				CLANG_CXX_LIBRARY = "libc++";
				CLANG_ENABLE_MODULES = YES;
				CLANG_ENABLE_OBJC_ARC = YES;
				CLANG_ENABLE_OBJC_WEAK = YES;
				CLANG_WARN_BLOCK_CAPTURE_AUTORELEASING = YES;
				CLANG_WARN_BOOL_CONVERSION = YES;
				CLANG_WARN_COMMA = YES;
				CLANG_WARN_CONSTANT_CONVERSION = YES;
				CLANG_WARN_DEPRECATED_OBJC_IMPLEMENTATIONS = YES;
				CLANG_WARN_DIRECT_OBJC_ISA_USAGE = YES_ERROR;
				CLANG_WARN_DOCUMENTATION_COMMENTS = YES;
				CLANG_WARN_EMPTY_BODY = YES;
				CLANG_WARN_ENUM_CONVERSION = YES;
				CLANG_WARN_INFINITE_RECURSION = YES;
				CLANG_WARN_INT_CONVERSION = YES;
				CLANG_WARN_NON_LITERAL_NULL_CONVERSION = YES;
				CLANG_WARN_OBJC_IMPLICIT_RETAIN_SELF = YES;
				CLANG_WARN_OBJC_LITERAL_CONVERSION = YES;
				CLANG_WARN_OBJC_ROOT_CLASS = YES_ERROR;
				CLANG_WARN_QUOTED_INCLUDE_IN_FRAMEWORK_HEADER = YES;
				CLANG_WARN_RANGE_LOOP_ANALYSIS = YES;
				CLANG_WARN_STRICT_PROTOTYPES = YES;
				CLANG_WARN_SUSPICIOUS_MOVE = YES;
				CLANG_WARN_UNGUARDED_AVAILABILITY = YES_AGGRESSIVE;
				CLANG_WARN_UNREACHABLE_CODE = YES;
				CLANG_WARN__DUPLICATE_METHOD_MATCH = YES;
				COPY_PHASE_STRIP = NO;
				DEBUG_INFORMATION_FORMAT = "dwarf-with-dsym";
				ENABLE_NS_ASSERTIONS = NO;
				ENABLE_STRICT_OBJC_MSGSEND = YES;
				GCC_C_LANGUAGE_STANDARD = gnu11;
				GCC_NO_COMMON_BLOCKS = YES;
				GCC_WARN_64_TO_32_BIT_CONVERSION = YES;
				GCC_WARN_ABOUT_RETURN_TYPE = YES_ERROR;
				GCC_WARN_UNDECLARED_SELECTOR = YES;
				GCC_WARN_UNINITIALIZED_AUTOS = YES_AGGRESSIVE;
				GCC_WARN_UNUSED_FUNCTION = YES;
				GCC_WARN_UNUSED_VARIABLE = YES;
				IPHONEOS_DEPLOYMENT_TARGET = 14.0;
				MTL_ENABLE_DEBUG_INFO = NO;
				MTL_FAST_MATH = YES;
				SDKROOT = iphoneos;
				SWIFT_COMPILATION_MODE = wholemodule;
				SWIFT_OPTIMIZATION_LEVEL = "-O";
				VALIDATE_PRODUCT = YES;
			};
			name = Release;
		};
		F12CC9A926E76E0000999F9D /* Debug */ = {
			isa = XCBuildConfiguration;
			buildSettings = {
				ASSETCATALOG_COMPILER_APPICON_NAME = AppIcon;
				ASSETCATALOG_COMPILER_GLOBAL_ACCENT_COLOR_NAME = AccentColor;
				CODE_SIGN_STYLE = Automatic;
				INFOPLIST_FILE = FoodDelivery/Info.plist;
				LD_RUNPATH_SEARCH_PATHS = (
					"$(inherited)",
					"@executable_path/Frameworks",
				);
				PRODUCT_BUNDLE_IDENTIFIER = com.FoodDelivery;
				PRODUCT_NAME = "$(TARGET_NAME)";
				SWIFT_VERSION = 5.0;
				TARGETED_DEVICE_FAMILY = "1,2";
			};
			name = Debug;
		};
		F12CC9AA26E76E0000999F9D /* Release */ = {
			isa = XCBuildConfiguration;
			buildSettings = {
				ASSETCATALOG_COMPILER_APPICON_NAME = AppIcon;
				ASSETCATALOG_COMPILER_GLOBAL_ACCENT_COLOR_NAME = AccentColor;
				CODE_SIGN_STYLE = Automatic;
				INFOPLIST_FILE = FoodDelivery/Info.plist;
				LD_RUNPATH_SEARCH_PATHS = (
					"$(inherited)",
					"@executable_path/Frameworks",
				);
				PRODUCT_BUNDLE_IDENTIFIER = com.FoodDelivery;
				PRODUCT_NAME = "$(TARGET_NAME)";
				SWIFT_VERSION = 5.0;
				TARGETED_DEVICE_FAMILY = "1,2";
			};
			name = Release;
		};
		F12CC9AC26E76E0000999F9D /* Debug */ = {
			isa = XCBuildConfiguration;
			buildSettings = {
				ALWAYS_EMBED_SWIFT_STANDARD_LIBRARIES = YES;
				BUNDLE_LOADER = "$(TEST_HOST)";
				CODE_SIGN_STYLE = Automatic;
				INFOPLIST_FILE = FoodDeliveryTests/Info.plist;
				IPHONEOS_DEPLOYMENT_TARGET = 14.0;
				LD_RUNPATH_SEARCH_PATHS = (
					"$(inherited)",
					"@executable_path/Frameworks",
					"@loader_path/Frameworks",
				);
				PRODUCT_BUNDLE_IDENTIFIER = com.FoodDeliveryTests;
				PRODUCT_NAME = "$(TARGET_NAME)";
				SWIFT_VERSION = 5.0;
				TARGETED_DEVICE_FAMILY = "1,2";
				TEST_HOST = "$(BUILT_PRODUCTS_DIR)/FoodDelivery.app/FoodDelivery";
			};
			name = Debug;
		};
		F12CC9AD26E76E0000999F9D /* Release */ = {
			isa = XCBuildConfiguration;
			buildSettings = {
				ALWAYS_EMBED_SWIFT_STANDARD_LIBRARIES = YES;
				BUNDLE_LOADER = "$(TEST_HOST)";
				CODE_SIGN_STYLE = Automatic;
				INFOPLIST_FILE = FoodDeliveryTests/Info.plist;
				IPHONEOS_DEPLOYMENT_TARGET = 14.0;
				LD_RUNPATH_SEARCH_PATHS = (
					"$(inherited)",
					"@executable_path/Frameworks",
					"@loader_path/Frameworks",
				);
				PRODUCT_BUNDLE_IDENTIFIER = com.FoodDeliveryTests;
				PRODUCT_NAME = "$(TARGET_NAME)";
				SWIFT_VERSION = 5.0;
				TARGETED_DEVICE_FAMILY = "1,2";
				TEST_HOST = "$(BUILT_PRODUCTS_DIR)/FoodDelivery.app/FoodDelivery";
			};
			name = Release;
		};
		F12CC9AF26E76E0000999F9D /* Debug */ = {
			isa = XCBuildConfiguration;
			buildSettings = {
				ALWAYS_EMBED_SWIFT_STANDARD_LIBRARIES = YES;
				CODE_SIGN_STYLE = Automatic;
				INFOPLIST_FILE = FoodDeliveryUITests/Info.plist;
				LD_RUNPATH_SEARCH_PATHS = (
					"$(inherited)",
					"@executable_path/Frameworks",
					"@loader_path/Frameworks",
				);
				PRODUCT_BUNDLE_IDENTIFIER = com.FoodDeliveryUITests;
				PRODUCT_NAME = "$(TARGET_NAME)";
				SWIFT_VERSION = 5.0;
				TARGETED_DEVICE_FAMILY = "1,2";
				TEST_TARGET_NAME = FoodDelivery;
			};
			name = Debug;
		};
		F12CC9B026E76E0000999F9D /* Release */ = {
			isa = XCBuildConfiguration;
			buildSettings = {
				ALWAYS_EMBED_SWIFT_STANDARD_LIBRARIES = YES;
				CODE_SIGN_STYLE = Automatic;
				INFOPLIST_FILE = FoodDeliveryUITests/Info.plist;
				LD_RUNPATH_SEARCH_PATHS = (
					"$(inherited)",
					"@executable_path/Frameworks",
					"@loader_path/Frameworks",
				);
				PRODUCT_BUNDLE_IDENTIFIER = com.FoodDeliveryUITests;
				PRODUCT_NAME = "$(TARGET_NAME)";
				SWIFT_VERSION = 5.0;
				TARGETED_DEVICE_FAMILY = "1,2";
				TEST_TARGET_NAME = FoodDelivery;
			};
			name = Release;
		};
/* End XCBuildConfiguration section */

/* Begin XCConfigurationList section */
		F12CC97926E76DFC00999F9D /* Build configuration list for PBXProject "FoodDelivery" */ = {
			isa = XCConfigurationList;
			buildConfigurations = (
				F12CC9A626E76E0000999F9D /* Debug */,
				F12CC9A726E76E0000999F9D /* Release */,
			);
			defaultConfigurationIsVisible = 0;
			defaultConfigurationName = Release;
		};
		F12CC9A826E76E0000999F9D /* Build configuration list for PBXNativeTarget "FoodDelivery" */ = {
			isa = XCConfigurationList;
			buildConfigurations = (
				F12CC9A926E76E0000999F9D /* Debug */,
				F12CC9AA26E76E0000999F9D /* Release */,
			);
			defaultConfigurationIsVisible = 0;
			defaultConfigurationName = Release;
		};
		F12CC9AB26E76E0000999F9D /* Build configuration list for PBXNativeTarget "FoodDeliveryTests" */ = {
			isa = XCConfigurationList;
			buildConfigurations = (
				F12CC9AC26E76E0000999F9D /* Debug */,
				F12CC9AD26E76E0000999F9D /* Release */,
			);
			defaultConfigurationIsVisible = 0;
			defaultConfigurationName = Release;
		};
		F12CC9AE26E76E0000999F9D /* Build configuration list for PBXNativeTarget "FoodDeliveryUITests" */ = {
			isa = XCConfigurationList;
			buildConfigurations = (
				F12CC9AF26E76E0000999F9D /* Debug */,
				F12CC9B026E76E0000999F9D /* Release */,
			);
			defaultConfigurationIsVisible = 0;
			defaultConfigurationName = Release;
		};
/* End XCConfigurationList section */
	};
	rootObject = F12CC97626E76DFC00999F9D /* Project object */;
}
